# generated by rye
# use `rye lock` or `rye sync` to update this lockfile
#
# last locked with the following flags:
#   pre: false
#   features: []
#   all-features: true
#   with-sources: false

-e file:.
contourpy==1.2.1
    # via matplotlib
cycler==0.12.1
    # via matplotlib
fonttools==4.51.0
    # via matplotlib
imageio==2.34.0
    # via scikit-image
kiwisolver==1.4.5
    # via matplotlib
lazy-loader==0.4
    # via scikit-image
matplotlib==3.8.4
    # via sims
networkx==3.3
    # via scikit-image
numpy==1.26.4
    # via contourpy
    # via imageio
    # via matplotlib
    # via pandas
    # via scikit-image
    # via scipy
    # via tifffile
    # via xarray
packaging==24.0
    # via lazy-loader
    # via matplotlib
    # via scikit-image
    # via xarray
pandas==2.2.2
    # via xarray
pillow==10.3.0
    # via imageio
    # via matplotlib
    # via scikit-image
pyparsing==3.1.2
    # via matplotlib
python-dateutil==2.9.0.post0
    # via matplotlib
    # via pandas
pytz==2024.1
    # via pandas
scikit-image==0.23.1
    # via sims
scipy==1.13.0
    # via scikit-image
    # via sims
six==1.16.0
    # via python-dateutil
tifffile==2024.4.18
    # via scikit-image
tzdata==2024.1
    # via pandas
xarray==2024.3.0
    # via sims
